
Microsoft Visual Studio Solution File, Format Version 12.00
# Visual Studio Version 17
VisualStudioVersion = 17.11.35303.130
MinimumVisualStudioVersion = 10.0.40219.1
Project("{FAE04EC0-301F-11D3-BF4B-00C04F79EFBC}") = "EduPlus.WebUI", "EduPlus.WebUI\EduPlus.WebUI.csproj", "{5DAD7090-EDC0-4B02-B287-CBFA3BBD2570}"
EndProject
Project("{FAE04EC0-301F-11D3-BF4B-00C04F79EFBC}") = "EduPlus.Data", "EduPlus.Data\EduPlus.Data.csproj", "{7B7B7E02-E64B-46D8-99F0-973AFB59DADF}"
EndProject
Project("{FAE04EC0-301F-11D3-BF4B-00C04F79EFBC}") = "EduPlus.Models", "EduPlus.Models\EduPlus.Models.csproj", "{102C58C3-C658-4846-A17E-6B699CA56C21}"
EndProject
Global
	GlobalSection(SolutionConfigurationPlatforms) = preSolution
		Debug|Any CPU = Debug|Any CPU
		Release|Any CPU = Release|Any CPU
	EndGlobalSection
	GlobalSection(ProjectConfigurationPlatforms) = postSolution
		{5DAD7090-EDC0-4B02-B287-CBFA3BBD2570}.Debug|Any CPU.ActiveCfg = Debug|Any CPU
		{5DAD7090-EDC0-4B02-B287-CBFA3BBD2570}.Debug|Any CPU.Build.0 = Debug|Any CPU
		{5DAD7090-EDC0-4B02-B287-CBFA3BBD2570}.Release|Any CPU.ActiveCfg = Release|Any CPU
		{5DAD7090-EDC0-4B02-B287-CBFA3BBD2570}.Release|Any CPU.Build.0 = Release|Any CPU
		{7B7B7E02-E64B-46D8-99F0-973AFB59DADF}.Debug|Any CPU.ActiveCfg = Debug|Any CPU
		{7B7B7E02-E64B-46D8-99F0-973AFB59DADF}.Debug|Any CPU.Build.0 = Debug|Any CPU
		{7B7B7E02-E64B-46D8-99F0-973AFB59DADF}.Release|Any CPU.ActiveCfg = Release|Any CPU
		{7B7B7E02-E64B-46D8-99F0-973AFB59DADF}.Release|Any CPU.Build.0 = Release|Any CPU
		{102C58C3-C658-4846-A17E-6B699CA56C21}.Debug|Any CPU.ActiveCfg = Debug|Any CPU
		{102C58C3-C658-4846-A17E-6B699CA56C21}.Debug|Any CPU.Build.0 = Debug|Any CPU
		{102C58C3-C658-4846-A17E-6B699CA56C21}.Release|Any CPU.ActiveCfg = Release|Any CPU
		{102C58C3-C658-4846-A17E-6B699CA56C21}.Release|Any CPU.Build.0 = Release|Any CPU
	EndGlobalSection
	GlobalSection(SolutionProperties) = preSolution
		HideSolutionNode = FALSE
	EndGlobalSection
	GlobalSection(ExtensibilityGlobals) = postSolution
		SolutionGuid = {3AB2825D-15D1-4EA2-9536-211E685A4F5F}
	EndGlobalSection
EndGlobal
